
Microsoft Visual Studio Solution File, Format Version 12.00
# Visual Studio Version 17
VisualStudioVersion = 17.4.33213.308
MinimumVisualStudioVersion = 10.0.40219.1
Project("{FAE04EC0-301F-11D3-BF4B-00C04F79EFBC}") = "books", "books\books.csproj", "{9DA4C4BA-C23A-46D2-9C71-785064367B58}"
EndProject
Project("{FAE04EC0-301F-11D3-BF4B-00C04F79EFBC}") = "BookTest", "BookTest\BookTest.csproj", "{9BEFD198-98CE-445C-90D4-B2DD66C9F402}"
EndProject
Global
	GlobalSection(SolutionConfigurationPlatforms) = preSolution
		Debug|Any CPU = Debug|Any CPU
		Release|Any CPU = Release|Any CPU
	EndGlobalSection
	GlobalSection(ProjectConfigurationPlatforms) = postSolution
		{9DA4C4BA-C23A-46D2-9C71-785064367B58}.Debug|Any CPU.ActiveCfg = Debug|Any CPU
		{9DA4C4BA-C23A-46D2-9C71-785064367B58}.Debug|Any CPU.Build.0 = Debug|Any CPU
		{9DA4C4BA-C23A-46D2-9C71-785064367B58}.Release|Any CPU.ActiveCfg = Release|Any CPU
		{9DA4C4BA-C23A-46D2-9C71-785064367B58}.Release|Any CPU.Build.0 = Release|Any CPU
		{9BEFD198-98CE-445C-90D4-B2DD66C9F402}.Debug|Any CPU.ActiveCfg = Debug|Any CPU
		{9BEFD198-98CE-445C-90D4-B2DD66C9F402}.Debug|Any CPU.Build.0 = Debug|Any CPU
		{9BEFD198-98CE-445C-90D4-B2DD66C9F402}.Release|Any CPU.ActiveCfg = Release|Any CPU
		{9BEFD198-98CE-445C-90D4-B2DD66C9F402}.Release|Any CPU.Build.0 = Release|Any CPU
	EndGlobalSection
	GlobalSection(SolutionProperties) = preSolution
		HideSolutionNode = FALSE
	EndGlobalSection
	GlobalSection(ExtensibilityGlobals) = postSolution
		SolutionGuid = {CEB03D19-9849-47AC-A43C-EF2A66DBB291}
	EndGlobalSection
EndGlobal
